
Microsoft Visual Studio Solution File, Format Version 12.00
# Visual Studio Version 17
VisualStudioVersion = 17.7.34202.233
MinimumVisualStudioVersion = 10.0.40219.1
Project("{FAE04EC0-301F-11D3-BF4B-00C04F79EFBC}") = "AtYarisi", "AtYarisi\AtYarisi.csproj", "{D44C8D38-4BD5-4683-849B-62925400147B}"
EndProject
Global
	GlobalSection(SolutionConfigurationPlatforms) = preSolution
		Debug|Any CPU = Debug|Any CPU
		Release|Any CPU = Release|Any CPU
	EndGlobalSection
	GlobalSection(ProjectConfigurationPlatforms) = postSolution
		{D44C8D38-4BD5-4683-849B-62925400147B}.Debug|Any CPU.ActiveCfg = Debug|Any CPU
		{D44C8D38-4BD5-4683-849B-62925400147B}.Debug|Any CPU.Build.0 = Debug|Any CPU
		{D44C8D38-4BD5-4683-849B-62925400147B}.Release|Any CPU.ActiveCfg = Release|Any CPU
		{D44C8D38-4BD5-4683-849B-62925400147B}.Release|Any CPU.Build.0 = Release|Any CPU
	EndGlobalSection
	GlobalSection(SolutionProperties) = preSolution
		HideSolutionNode = FALSE
	EndGlobalSection
	GlobalSection(ExtensibilityGlobals) = postSolution
		SolutionGuid = {B507A02C-622E-47F8-992D-5E0D53151166}
	EndGlobalSection
EndGlobal
